
Microsoft Visual Studio Solution File, Format Version 12.00
# Visual Studio 15
VisualStudioVersion = 15.0.28307.489
MinimumVisualStudioVersion = 10.0.40219.1
Project("{FAE04EC0-301F-11D3-BF4B-00C04F79EFBC}") = "JHW.Web.Core", "JHW.Web.Core\JHW.Web.Core.csproj", "{A675178C-1360-49FE-909D-C32287262D8E}"
EndProject
Project("{FAE04EC0-301F-11D3-BF4B-00C04F79EFBC}") = "JHW.ICache", "JHW.ICache\JHW.ICache.csproj", "{C7720012-F8EE-42D1-A7E9-ED850ABAB773}"
EndProject
Project("{FAE04EC0-301F-11D3-BF4B-00C04F79EFBC}") = "JHW.Models", "JHW.Models\JHW.Models.csproj", "{61119FEB-050A-425A-814F-9F98AFA2DB4A}"
EndProject
Project("{FAE04EC0-301F-11D3-BF4B-00C04F79EFBC}") = "JHW.IDAL", "JHW.IDAL\JHW.IDAL.csproj", "{140B2BCA-8D20-410A-A60F-4E6EE433EE82}"
EndProject
Project("{FAE04EC0-301F-11D3-BF4B-00C04F79EFBC}") = "JHW.Utilities", "JHW.Utilities\JHW.Utilities.csproj", "{3736CEBA-ED87-48B9-890D-5003139E51E4}"
EndProject
Project("{FAE04EC0-301F-11D3-BF4B-00C04F79EFBC}") = "JHW.TypeContainers", "JHW.TypeContainers\JHW.TypeContainers.csproj", "{D7AC0104-13C7-495D-A258-7EB42E91985A}"
EndProject
Project("{FAE04EC0-301F-11D3-BF4B-00C04F79EFBC}") = "JHW.RedisCache", "JHW.RedisCache\JHW.RedisCache.csproj", "{A19AE2E7-597A-4EC7-B73A-13633941608C}"
EndProject
Project("{FAE04EC0-301F-11D3-BF4B-00C04F79EFBC}") = "JHW.ILog", "JHW.ILog\JHW.ILog.csproj", "{38431CB4-AAE0-4C6E-A314-23DC6A355037}"
EndProject
Project("{FAE04EC0-301F-11D3-BF4B-00C04F79EFBC}") = "JHW.LogHelper", "JHW.LogHelper\JHW.LogHelper.csproj", "{ACE8C7BD-E85C-470B-82EF-BDF7C116BF31}"
EndProject
Project("{2150E333-8FDC-42A3-9474-1A3956D46DE8}") = "Cache", "Cache", "{94B7222C-1130-4C1D-B5C5-36CBBD25D230}"
EndProject
Project("{2150E333-8FDC-42A3-9474-1A3956D46DE8}") = "DAL", "DAL", "{3B096B98-DA0A-4FEB-88FB-320B57904C95}"
EndProject
Project("{2150E333-8FDC-42A3-9474-1A3956D46DE8}") = "Log", "Log", "{20912249-AB4A-4903-9B3C-ECCE2B93E526}"
EndProject
Project("{2150E333-8FDC-42A3-9474-1A3956D46DE8}") = "UI", "UI", "{4D12C4A2-D054-43BB-8FCA-8AD4804A0750}"
EndProject
Project("{2150E333-8FDC-42A3-9474-1A3956D46DE8}") = "Core", "Core", "{6E5B7F28-D10C-477B-9DEC-CB97DDA77754}"
EndProject
Project("{2150E333-8FDC-42A3-9474-1A3956D46DE8}") = "Models", "Models", "{6498D4C1-9114-4FA3-BC20-F465D1FDA599}"
EndProject
Project("{2150E333-8FDC-42A3-9474-1A3956D46DE8}") = "Ioc", "Ioc", "{85B870BA-115B-42D7-B415-E93A1296A590}"
EndProject
Project("{2150E333-8FDC-42A3-9474-1A3956D46DE8}") = "Utilities", "Utilities", "{DDA6DB51-8E54-403A-B18C-5BB951A41E14}"
EndProject
Project("{FAE04EC0-301F-11D3-BF4B-00C04F79EFBC}") = "JHW.DAL", "JHW.DAL\JHW.DAL.csproj", "{802C5E0C-5F79-4612-8FAB-5DF0FD1504C3}"
EndProject
Project("{FAE04EC0-301F-11D3-BF4B-00C04F79EFBC}") = "JHW.Web", "JHW.Web\JHW.Web.csproj", "{2A232DEB-6EF2-4A4F-9EEE-F8313AFC3B77}"
EndProject
Project("{2150E333-8FDC-42A3-9474-1A3956D46DE8}") = "Extensions", "Extensions", "{19E64D62-3698-4033-A625-223A8DF39670}"
EndProject
Project("{FAE04EC0-301F-11D3-BF4B-00C04F79EFBC}") = "JHW.Extensions", "JHW.Extensions\JHW.Extensions.csproj", "{88F624F6-A6A6-4807-AF6F-530190644134}"
EndProject
Project("{2150E333-8FDC-42A3-9474-1A3956D46DE8}") = "Services", "Services", "{0D5CD25C-CF66-4FDB-9E3D-D634DBEECE99}"
EndProject
Project("{FAE04EC0-301F-11D3-BF4B-00C04F79EFBC}") = "JHW.IService", "JHW.IService\JHW.IService.csproj", "{74BCFBEB-DA7E-48F0-AF05-E95AC3CA5203}"
EndProject
Project("{FAE04EC0-301F-11D3-BF4B-00C04F79EFBC}") = "JHW.Service", "JHW.Service\JHW.Service.csproj", "{E7BCE4B5-12FF-40FD-BEA4-BAC41A6A42BA}"
EndProject
Global
	GlobalSection(SolutionConfigurationPlatforms) = preSolution
		Debug|Any CPU = Debug|Any CPU
		Release|Any CPU = Release|Any CPU
	EndGlobalSection
	GlobalSection(ProjectConfigurationPlatforms) = postSolution
		{A675178C-1360-49FE-909D-C32287262D8E}.Debug|Any CPU.ActiveCfg = Debug|Any CPU
		{A675178C-1360-49FE-909D-C32287262D8E}.Debug|Any CPU.Build.0 = Debug|Any CPU
		{A675178C-1360-49FE-909D-C32287262D8E}.Release|Any CPU.ActiveCfg = Release|Any CPU
		{A675178C-1360-49FE-909D-C32287262D8E}.Release|Any CPU.Build.0 = Release|Any CPU
		{C7720012-F8EE-42D1-A7E9-ED850ABAB773}.Debug|Any CPU.ActiveCfg = Debug|Any CPU
		{C7720012-F8EE-42D1-A7E9-ED850ABAB773}.Debug|Any CPU.Build.0 = Debug|Any CPU
		{C7720012-F8EE-42D1-A7E9-ED850ABAB773}.Release|Any CPU.ActiveCfg = Release|Any CPU
		{C7720012-F8EE-42D1-A7E9-ED850ABAB773}.Release|Any CPU.Build.0 = Release|Any CPU
		{61119FEB-050A-425A-814F-9F98AFA2DB4A}.Debug|Any CPU.ActiveCfg = Debug|Any CPU
		{61119FEB-050A-425A-814F-9F98AFA2DB4A}.Debug|Any CPU.Build.0 = Debug|Any CPU
		{61119FEB-050A-425A-814F-9F98AFA2DB4A}.Release|Any CPU.ActiveCfg = Release|Any CPU
		{61119FEB-050A-425A-814F-9F98AFA2DB4A}.Release|Any CPU.Build.0 = Release|Any CPU
		{140B2BCA-8D20-410A-A60F-4E6EE433EE82}.Debug|Any CPU.ActiveCfg = Debug|Any CPU
		{140B2BCA-8D20-410A-A60F-4E6EE433EE82}.Debug|Any CPU.Build.0 = Debug|Any CPU
		{140B2BCA-8D20-410A-A60F-4E6EE433EE82}.Release|Any CPU.ActiveCfg = Release|Any CPU
		{140B2BCA-8D20-410A-A60F-4E6EE433EE82}.Release|Any CPU.Build.0 = Release|Any CPU
		{3736CEBA-ED87-48B9-890D-5003139E51E4}.Debug|Any CPU.ActiveCfg = Debug|Any CPU
		{3736CEBA-ED87-48B9-890D-5003139E51E4}.Debug|Any CPU.Build.0 = Debug|Any CPU
		{3736CEBA-ED87-48B9-890D-5003139E51E4}.Release|Any CPU.ActiveCfg = Release|Any CPU
		{3736CEBA-ED87-48B9-890D-5003139E51E4}.Release|Any CPU.Build.0 = Release|Any CPU
		{D7AC0104-13C7-495D-A258-7EB42E91985A}.Debug|Any CPU.ActiveCfg = Debug|Any CPU
		{D7AC0104-13C7-495D-A258-7EB42E91985A}.Debug|Any CPU.Build.0 = Debug|Any CPU
		{D7AC0104-13C7-495D-A258-7EB42E91985A}.Release|Any CPU.ActiveCfg = Release|Any CPU
		{D7AC0104-13C7-495D-A258-7EB42E91985A}.Release|Any CPU.Build.0 = Release|Any CPU
		{A19AE2E7-597A-4EC7-B73A-13633941608C}.Debug|Any CPU.ActiveCfg = Debug|Any CPU
		{A19AE2E7-597A-4EC7-B73A-13633941608C}.Debug|Any CPU.Build.0 = Debug|Any CPU
		{A19AE2E7-597A-4EC7-B73A-13633941608C}.Release|Any CPU.ActiveCfg = Release|Any CPU
		{A19AE2E7-597A-4EC7-B73A-13633941608C}.Release|Any CPU.Build.0 = Release|Any CPU
		{38431CB4-AAE0-4C6E-A314-23DC6A355037}.Debug|Any CPU.ActiveCfg = Debug|Any CPU
		{38431CB4-AAE0-4C6E-A314-23DC6A355037}.Debug|Any CPU.Build.0 = Debug|Any CPU
		{38431CB4-AAE0-4C6E-A314-23DC6A355037}.Release|Any CPU.ActiveCfg = Release|Any CPU
		{38431CB4-AAE0-4C6E-A314-23DC6A355037}.Release|Any CPU.Build.0 = Release|Any CPU
		{ACE8C7BD-E85C-470B-82EF-BDF7C116BF31}.Debug|Any CPU.ActiveCfg = Debug|Any CPU
		{ACE8C7BD-E85C-470B-82EF-BDF7C116BF31}.Debug|Any CPU.Build.0 = Debug|Any CPU
		{ACE8C7BD-E85C-470B-82EF-BDF7C116BF31}.Release|Any CPU.ActiveCfg = Release|Any CPU
		{ACE8C7BD-E85C-470B-82EF-BDF7C116BF31}.Release|Any CPU.Build.0 = Release|Any CPU
		{802C5E0C-5F79-4612-8FAB-5DF0FD1504C3}.Debug|Any CPU.ActiveCfg = Debug|Any CPU
		{802C5E0C-5F79-4612-8FAB-5DF0FD1504C3}.Debug|Any CPU.Build.0 = Debug|Any CPU
		{802C5E0C-5F79-4612-8FAB-5DF0FD1504C3}.Release|Any CPU.ActiveCfg = Release|Any CPU
		{802C5E0C-5F79-4612-8FAB-5DF0FD1504C3}.Release|Any CPU.Build.0 = Release|Any CPU
		{2A232DEB-6EF2-4A4F-9EEE-F8313AFC3B77}.Debug|Any CPU.ActiveCfg = Debug|Any CPU
		{2A232DEB-6EF2-4A4F-9EEE-F8313AFC3B77}.Debug|Any CPU.Build.0 = Debug|Any CPU
		{2A232DEB-6EF2-4A4F-9EEE-F8313AFC3B77}.Release|Any CPU.ActiveCfg = Release|Any CPU
		{2A232DEB-6EF2-4A4F-9EEE-F8313AFC3B77}.Release|Any CPU.Build.0 = Release|Any CPU
		{88F624F6-A6A6-4807-AF6F-530190644134}.Debug|Any CPU.ActiveCfg = Debug|Any CPU
		{88F624F6-A6A6-4807-AF6F-530190644134}.Debug|Any CPU.Build.0 = Debug|Any CPU
		{88F624F6-A6A6-4807-AF6F-530190644134}.Release|Any CPU.ActiveCfg = Release|Any CPU
		{88F624F6-A6A6-4807-AF6F-530190644134}.Release|Any CPU.Build.0 = Release|Any CPU
		{74BCFBEB-DA7E-48F0-AF05-E95AC3CA5203}.Debug|Any CPU.ActiveCfg = Debug|Any CPU
		{74BCFBEB-DA7E-48F0-AF05-E95AC3CA5203}.Debug|Any CPU.Build.0 = Debug|Any CPU
		{74BCFBEB-DA7E-48F0-AF05-E95AC3CA5203}.Release|Any CPU.ActiveCfg = Release|Any CPU
		{74BCFBEB-DA7E-48F0-AF05-E95AC3CA5203}.Release|Any CPU.Build.0 = Release|Any CPU
		{E7BCE4B5-12FF-40FD-BEA4-BAC41A6A42BA}.Debug|Any CPU.ActiveCfg = Debug|Any CPU
		{E7BCE4B5-12FF-40FD-BEA4-BAC41A6A42BA}.Debug|Any CPU.Build.0 = Debug|Any CPU
		{E7BCE4B5-12FF-40FD-BEA4-BAC41A6A42BA}.Release|Any CPU.ActiveCfg = Release|Any CPU
		{E7BCE4B5-12FF-40FD-BEA4-BAC41A6A42BA}.Release|Any CPU.Build.0 = Release|Any CPU
	EndGlobalSection
	GlobalSection(SolutionProperties) = preSolution
		HideSolutionNode = FALSE
	EndGlobalSection
	GlobalSection(NestedProjects) = preSolution
		{A675178C-1360-49FE-909D-C32287262D8E} = {6E5B7F28-D10C-477B-9DEC-CB97DDA77754}
		{C7720012-F8EE-42D1-A7E9-ED850ABAB773} = {94B7222C-1130-4C1D-B5C5-36CBBD25D230}
		{61119FEB-050A-425A-814F-9F98AFA2DB4A} = {6498D4C1-9114-4FA3-BC20-F465D1FDA599}
		{140B2BCA-8D20-410A-A60F-4E6EE433EE82} = {3B096B98-DA0A-4FEB-88FB-320B57904C95}
		{3736CEBA-ED87-48B9-890D-5003139E51E4} = {DDA6DB51-8E54-403A-B18C-5BB951A41E14}
		{D7AC0104-13C7-495D-A258-7EB42E91985A} = {85B870BA-115B-42D7-B415-E93A1296A590}
		{A19AE2E7-597A-4EC7-B73A-13633941608C} = {94B7222C-1130-4C1D-B5C5-36CBBD25D230}
		{38431CB4-AAE0-4C6E-A314-23DC6A355037} = {20912249-AB4A-4903-9B3C-ECCE2B93E526}
		{ACE8C7BD-E85C-470B-82EF-BDF7C116BF31} = {20912249-AB4A-4903-9B3C-ECCE2B93E526}
		{802C5E0C-5F79-4612-8FAB-5DF0FD1504C3} = {3B096B98-DA0A-4FEB-88FB-320B57904C95}
		{2A232DEB-6EF2-4A4F-9EEE-F8313AFC3B77} = {4D12C4A2-D054-43BB-8FCA-8AD4804A0750}
		{88F624F6-A6A6-4807-AF6F-530190644134} = {19E64D62-3698-4033-A625-223A8DF39670}
		{74BCFBEB-DA7E-48F0-AF05-E95AC3CA5203} = {0D5CD25C-CF66-4FDB-9E3D-D634DBEECE99}
		{E7BCE4B5-12FF-40FD-BEA4-BAC41A6A42BA} = {0D5CD25C-CF66-4FDB-9E3D-D634DBEECE99}
	EndGlobalSection
	GlobalSection(ExtensibilityGlobals) = postSolution
		SolutionGuid = {89AC31EB-6720-48AE-BC4D-8340FFCC4A86}
	EndGlobalSection
EndGlobal
